
Microsoft Visual Studio Solution File, Format Version 12.00
# Visual Studio Version 16
VisualStudioVersion = 16.0.29905.134
MinimumVisualStudioVersion = 10.0.40219.1
Project("{9A19103F-16F7-4668-BE54-9A1E7A4F7556}") = "TodoApp", "TodoApp\TodoApp.csproj", "{DEADF147-433C-4DCA-8EA0-79E58A366E30}"
EndProject
Project("{9A19103F-16F7-4668-BE54-9A1E7A4F7556}") = "TodoAppTest", "TodoAppTest\TodoAppTest.csproj", "{FBC293CA-00D9-4A5C-90DA-C24575E9D809}"
EndProject
Global
	GlobalSection(SolutionConfigurationPlatforms) = preSolution
		Debug|Any CPU = Debug|Any CPU
		Release|Any CPU = Release|Any CPU
	EndGlobalSection
	GlobalSection(ProjectConfigurationPlatforms) = postSolution
		{DEADF147-433C-4DCA-8EA0-79E58A366E30}.Debug|Any CPU.ActiveCfg = Debug|Any CPU
		{DEADF147-433C-4DCA-8EA0-79E58A366E30}.Debug|Any CPU.Build.0 = Debug|Any CPU
		{DEADF147-433C-4DCA-8EA0-79E58A366E30}.Release|Any CPU.ActiveCfg = Release|Any CPU
		{DEADF147-433C-4DCA-8EA0-79E58A366E30}.Release|Any CPU.Build.0 = Release|Any CPU
		{FBC293CA-00D9-4A5C-90DA-C24575E9D809}.Debug|Any CPU.ActiveCfg = Debug|Any CPU
		{FBC293CA-00D9-4A5C-90DA-C24575E9D809}.Debug|Any CPU.Build.0 = Debug|Any CPU
		{FBC293CA-00D9-4A5C-90DA-C24575E9D809}.Release|Any CPU.ActiveCfg = Release|Any CPU
		{FBC293CA-00D9-4A5C-90DA-C24575E9D809}.Release|Any CPU.Build.0 = Release|Any CPU
	EndGlobalSection
	GlobalSection(SolutionProperties) = preSolution
		HideSolutionNode = FALSE
	EndGlobalSection
	GlobalSection(ExtensibilityGlobals) = postSolution
		SolutionGuid = {D9EDD2C4-D428-444B-89A8-C96E852D7BEC}
	EndGlobalSection
EndGlobal
